<?xml version="1.0" encoding="utf-8"?>
<Project ToolsVersion="4.0" xmlns="http://schemas.microsoft.com/developer/msbuild/2003">
  <ItemGroup>
    <ClCompile Include="SimCom\SimCom.cpp">
      <Filter>App\SimCom</Filter>
    </ClCompile>
    <ClCompile Include="SimCom\SimConnect.cpp">
      <Filter>App\SimCom</Filter>
    </ClCompile>
    <ClCompile Include="Utils\Logger.cpp">
      <Filter>Utils</Filter>
    </ClCompile>
    <ClCompile Include="Utils\StringUtils.cpp">
      <Filter>Utils</Filter>
    </ClCompile>
    <ClCompile Include="Utils\Time.cpp">
      <Filter>Utils</Filter>
    </ClCompile>
    <ClCompile Include="App\RealTimeThread.cpp">
      <Filter>App</Filter>
    </ClCompile>
    <ClCompile Include="App\AirplaneRadar.cpp">
      <Filter>TrafficRadar</Filter>
    </ClCompile>
    <ClCompile Include="App\LocalAircraft.cpp">
      <Filter>TrafficRadar</Filter>
    </ClCompile>
    <ClCompile Include="App\GlobalScope.cpp" />
    <ClCompile Include="WebCast\HttpConnection.cpp">
      <Filter>WebCast</Filter>
    </ClCompile>
    <ClCompile Include="WebCast\HttpServer.cpp">
      <Filter>WebCast</Filter>
    </ClCompile>
    <ClCompile Include="WebCast\WebSocket.cpp">
      <Filter>WebCast</Filter>
    </ClCompile>
    <ClCompile Include="WebCast\WebSocketServer.cpp">
      <Filter>WebCast</Filter>
    </ClCompile>
    <ClCompile Include="WebCast\WebCast.cpp">
      <Filter>WebCast</Filter>
    </ClCompile>
    <ClCompile Include="WebCast\WebDriver.cpp">
      <Filter>WebCast</Filter>
    </ClCompile>
    <ClCompile Include="main.cpp" />
  </ItemGroup>
  <ItemGroup>
    <Filter Include="Utils">
      <UniqueIdentifier>{3c01c5dc-f89e-436d-9fbe-c74103438672}</UniqueIdentifier>
    </Filter>
    <Filter Include="TrackerClient">
      <UniqueIdentifier>{37ea08a6-d222-430a-94a7-25b4bdf9b9ee}</UniqueIdentifier>
    </Filter>
    <Filter Include="App">
      <UniqueIdentifier>{95ca680e-3e26-43fb-83ea-b0294cd7ec82}</UniqueIdentifier>
    </Filter>
    <Filter Include="TrafficRadar">
      <UniqueIdentifier>{1c0ed3ce-880e-4cab-be54-11786da14488}</UniqueIdentifier>
    </Filter>
    <Filter Include="App\SimCom">
      <UniqueIdentifier>{664e362d-ce30-4cea-a48d-64ca64a14a08}</UniqueIdentifier>
    </Filter>
    <Filter Include="WebCast">
      <UniqueIdentifier>{e1ef35b1-fa55-4ae2-bf55-a075c1ec6714}</UniqueIdentifier>
    </Filter>
  </ItemGroup>
  <ItemGroup>
    <ClInclude Include="SimCom\SimCom.h">
      <Filter>App\SimCom</Filter>
    </ClInclude>
    <ClInclude Include="SimCom\SimConnect.h">
      <Filter>App\SimCom</Filter>
    </ClInclude>
    <ClInclude Include="Utils\Function.hpp">
      <Filter>Utils</Filter>
    </ClInclude>
    <ClInclude Include="Utils\Future.h">
      <Filter>Utils</Filter>
    </ClInclude>
    <ClInclude Include="Utils\Logger.h">
      <Filter>Utils</Filter>
    </ClInclude>
    <ClInclude Include="Utils\StringUtils.h">
      <Filter>Utils</Filter>
    </ClInclude>
    <ClInclude Include="Utils\Time.h">
      <Filter>Utils</Filter>
    </ClInclude>
    <ClInclude Include="Utils\version.h">
      <Filter>Utils</Filter>
    </ClInclude>
    <ClInclude Include="App\RealTimeThread.h">
      <Filter>App</Filter>
    </ClInclude>
    <ClInclude Include="App\AirplaneRadar.h">
      <Filter>TrafficRadar</Filter>
    </ClInclude>
    <ClInclude Include="App\LocalAircraft.h">
      <Filter>TrafficRadar</Filter>
    </ClInclude>
    <ClInclude Include="App\GlobalScope.h" />
    <ClInclude Include="WebCast\WebSocketServer.hpp">
      <Filter>WebCast</Filter>
    </ClInclude>
    <ClInclude Include="WebCast\HttpConnection.hpp">
      <Filter>WebCast</Filter>
    </ClInclude>
    <ClInclude Include="WebCast\HttpMessage.hpp">
      <Filter>WebCast</Filter>
    </ClInclude>
    <ClInclude Include="WebCast\HttpServer.hpp">
      <Filter>WebCast</Filter>
    </ClInclude>
    <ClInclude Include="WebCast\version.hpp">
      <Filter>WebCast</Filter>
    </ClInclude>
    <ClInclude Include="WebCast\WebSocket.hpp">
      <Filter>WebCast</Filter>
    </ClInclude>
    <ClInclude Include="WebCast\WebCast.hpp">
      <Filter>WebCast</Filter>
    </ClInclude>
    <ClInclude Include="WebCast\WebDriver.hpp">
      <Filter>WebCast</Filter>
    </ClInclude>
    <ClInclude Include="Utils\FixedArray.h">
      <Filter>Utils</Filter>
    </ClInclude>
    <ClInclude Include="WebCast\MsgPacker.hpp">
      <Filter>WebCast</Filter>
    </ClInclude>
    <ClInclude Include="Utils\Boost.h">
      <Filter>Utils</Filter>
    </ClInclude>
  </ItemGroup>
</Project>